// !$*UTF8*$!
{
	archiveVersion = 1;
	classes = {
	};
	objectVersion = 56;
	objects = {

/* Begin PBXBuildFile section */
		A001 /* SysMonApp.swift in Sources */ = {isa = PBXBuildFile; fileRef = F001 /* SysMonApp.swift */; };
		A004 /* SystemMetrics.swift in Sources */ = {isa = PBXBuildFile; fileRef = F004 /* SystemMetrics.swift */; };
		A005 /* WsState.swift in Sources */ = {isa = PBXBuildFile; fileRef = F005 /* WsState.swift */; };
		A006 /* SysMonWebSocket.swift in Sources */ = {isa = PBXBuildFile; fileRef = F006 /* SysMonWebSocket.swift */; };
		A008 /* UrlRepository.swift in Sources */ = {isa = PBXBuildFile; fileRef = F008 /* UrlRepository.swift */; };
		A009 /* MonitorViewModel.swift in Sources */ = {isa = PBXBuildFile; fileRef = F009 /* MonitorViewModel.swift */; };
		A010 /* SysMonColors.swift in Sources */ = {isa = PBXBuildFile; fileRef = F010 /* SysMonColors.swift */; };
		A011 /* GaugeChart.swift in Sources */ = {isa = PBXBuildFile; fileRef = F011 /* GaugeChart.swift */; };
		A012 /* DualLineChart.swift in Sources */ = {isa = PBXBuildFile; fileRef = F012 /* DualLineChart.swift */; };
		A013 /* CoreBarChart.swift in Sources */ = {isa = PBXBuildFile; fileRef = F013 /* CoreBarChart.swift */; };
		A014 /* GlassCard.swift in Sources */ = {isa = PBXBuildFile; fileRef = F014 /* GlassCard.swift */; };
		A015 /* ConnectView.swift in Sources */ = {isa = PBXBuildFile; fileRef = F015 /* ConnectView.swift */; };
		A016 /* ChartView.swift in Sources */ = {isa = PBXBuildFile; fileRef = F016 /* ChartView.swift */; };
		A017 /* Assets.xcassets in Resources */ = {isa = PBXBuildFile; fileRef = F017 /* Assets.xcassets */; };
/* End PBXBuildFile section */

/* Begin PBXFileReference section */
		F001 /* SysMonApp.swift */ = {isa = PBXFileReference; lastKnownFileType = sourcecode.swift; path = SysMonApp.swift; sourceTree = "<group>"; };
		F004 /* SystemMetrics.swift */ = {isa = PBXFileReference; lastKnownFileType = sourcecode.swift; path = SystemMetrics.swift; sourceTree = "<group>"; };
		F005 /* WsState.swift */ = {isa = PBXFileReference; lastKnownFileType = sourcecode.swift; path = WsState.swift; sourceTree = "<group>"; };
		F006 /* SysMonWebSocket.swift */ = {isa = PBXFileReference; lastKnownFileType = sourcecode.swift; path = SysMonWebSocket.swift; sourceTree = "<group>"; };
		F008 /* UrlRepository.swift */ = {isa = PBXFileReference; lastKnownFileType = sourcecode.swift; path = UrlRepository.swift; sourceTree = "<group>"; };
		F009 /* MonitorViewModel.swift */ = {isa = PBXFileReference; lastKnownFileType = sourcecode.swift; path = MonitorViewModel.swift; sourceTree = "<group>"; };
		F010 /* SysMonColors.swift */ = {isa = PBXFileReference; lastKnownFileType = sourcecode.swift; path = SysMonColors.swift; sourceTree = "<group>"; };
		F011 /* GaugeChart.swift */ = {isa = PBXFileReference; lastKnownFileType = sourcecode.swift; path = GaugeChart.swift; sourceTree = "<group>"; };
		F012 /* DualLineChart.swift */ = {isa = PBXFileReference; lastKnownFileType = sourcecode.swift; path = DualLineChart.swift; sourceTree = "<group>"; };
		F013 /* CoreBarChart.swift */ = {isa = PBXFileReference; lastKnownFileType = sourcecode.swift; path = CoreBarChart.swift; sourceTree = "<group>"; };
		F014 /* GlassCard.swift */ = {isa = PBXFileReference; lastKnownFileType = sourcecode.swift; path = GlassCard.swift; sourceTree = "<group>"; };
		F015 /* ConnectView.swift */ = {isa = PBXFileReference; lastKnownFileType = sourcecode.swift; path = ConnectView.swift; sourceTree = "<group>"; };
		F016 /* ChartView.swift */ = {isa = PBXFileReference; lastKnownFileType = sourcecode.swift; path = ChartView.swift; sourceTree = "<group>"; };
		F017 /* Assets.xcassets */ = {isa = PBXFileReference; lastKnownFileType = folder.assetcatalog; path = Assets.xcassets; sourceTree = "<group>"; };
		F018 /* Info.plist */ = {isa = PBXFileReference; lastKnownFileType = text.plist.xml; path = Info.plist; sourceTree = "<group>"; };
		PROD /* SysMon.app */ = {isa = PBXFileReference; explicitFileType = wrapper.application; includeInIndex = 0; path = SysMon.app; sourceTree = BUILT_PRODUCTS_DIR; };
/* End PBXFileReference section */

/* Begin PBXFrameworksBuildPhase section */
		FWBP /* Frameworks */ = {
			isa = PBXFrameworksBuildPhase;
			buildActionMask = 2147483647;
			files = (
			);
			runOnlyForDeploymentPostprocessing = 0;
		};
/* End PBXFrameworksBuildPhase section */

/* Begin PBXGroup section */
		GAPP /* SysMon */ = {
			isa = PBXGroup;
			children = (
				GSRC /* Sources */,
				GRES /* Resources */,
			);
			path = SysMon;
			sourceTree = "<group>";
		};
		GCHART /* Chart */ = {
			isa = PBXGroup;
			children = (
				F016 /* ChartView.swift */,
			);
			path = Chart;
			sourceTree = "<group>";
		};
		GCOMP /* Components */ = {
			isa = PBXGroup;
			children = (
				F011 /* GaugeChart.swift */,
				F012 /* DualLineChart.swift */,
				F013 /* CoreBarChart.swift */,
				F014 /* GlassCard.swift */,
			);
			path = Components;
			sourceTree = "<group>";
		};
		GCONNECT /* Connect */ = {
			isa = PBXGroup;
			children = (
				F015 /* ConnectView.swift */,
			);
			path = Connect;
			sourceTree = "<group>";
		};
		GMODEL /* Model */ = {
			isa = PBXGroup;
			children = (
				F004 /* SystemMetrics.swift */,
			);
			path = Model;
			sourceTree = "<group>";
		};
		GNET /* Network */ = {
			isa = PBXGroup;
			children = (
				F005 /* WsState.swift */,
				F006 /* SysMonWebSocket.swift */,
			);
			path = Network;
			sourceTree = "<group>";
		};
		GPROD /* Products */ = {
			isa = PBXGroup;
			children = (
				PROD /* SysMon.app */,
			);
			name = Products;
			sourceTree = "<group>";
		};
		GREPO /* Repository */ = {
			isa = PBXGroup;
			children = (
				F008 /* UrlRepository.swift */,
			);
			path = Repository;
			sourceTree = "<group>";
		};
		GRES /* Resources */ = {
			isa = PBXGroup;
			children = (
				F017 /* Assets.xcassets */,
				F018 /* Info.plist */,
			);
			path = Resources;
			sourceTree = "<group>";
		};
		GSRC /* Sources */ = {
			isa = PBXGroup;
			children = (
				F001 /* SysMonApp.swift */,
				GMODEL /* Model */,
				GNET /* Network */,
				GREPO /* Repository */,
				GVM /* ViewModel */,
				GTHEME /* Theme */,
				GVIEWS /* Views */,
			);
			path = Sources;
			sourceTree = "<group>";
		};
		GTHEME /* Theme */ = {
			isa = PBXGroup;
			children = (
				F010 /* SysMonColors.swift */,
			);
			path = Theme;
			sourceTree = "<group>";
		};
		GVIEWS /* Views */ = {
			isa = PBXGroup;
			children = (
				GCOMP /* Components */,
				GCONNECT /* Connect */,
				GCHART /* Chart */,
			);
			path = Views;
			sourceTree = "<group>";
		};
		GVM /* ViewModel */ = {
			isa = PBXGroup;
			children = (
				F009 /* MonitorViewModel.swift */,
			);
			path = ViewModel;
			sourceTree = "<group>";
		};
		ROOT = {
			isa = PBXGroup;
			children = (
				GAPP /* SysMon */,
				GPROD /* Products */,
			);
			sourceTree = "<group>";
		};
/* End PBXGroup section */

/* Begin PBXNativeTarget section */
		TARGET /* SysMon */ = {
			isa = PBXNativeTarget;
			buildConfigurationList = BCLTARGET /* Build configuration list for PBXNativeTarget "SysMon" */;
			buildPhases = (
				SRCBP /* Sources */,
				FWBP /* Frameworks */,
				RESBP /* Resources */,
			);
			buildRules = (
			);
			dependencies = (
			);
			name = SysMon;
			productName = SysMon;
			productReference = PROD /* SysMon.app */;
			productType = "com.apple.product-type.application";
		};
/* End PBXNativeTarget section */

/* Begin PBXProject section */
		PROJECT /* Project object */ = {
			isa = PBXProject;
			attributes = {
				BuildIndependentTargetsInParallel = 1;
				LastSwiftUpdateCheck = 1600;
				LastUpgradeCheck = 1600;
				TargetAttributes = {
					TARGET = {
						CreatedOnToolsVersion = 16.0;
					};
				};
			};
			buildConfigurationList = BCLPROJECT /* Build configuration list for PBXProject "SysMon" */;
			compatibilityVersion = "Xcode 16.0";
			developmentRegion = en;
			hasScannedForEncodings = 0;
			knownRegions = (
				en,
				Base,
			);
			mainGroup = ROOT;
			productRefGroup = GPROD /* Products */;
			projectDirPath = "";
			projectRoot = "";
			targets = (
				TARGET /* SysMon */,
			);
		};
/* End PBXProject section */

/* Begin PBXResourcesBuildPhase section */
		RESBP /* Resources */ = {
			isa = PBXResourcesBuildPhase;
			buildActionMask = 2147483647;
			files = (
				A017 /* Assets.xcassets in Resources */,
			);
			runOnlyForDeploymentPostprocessing = 0;
		};
/* End PBXResourcesBuildPhase section */

/* Begin PBXSourcesBuildPhase section */
		SRCBP /* Sources */ = {
			isa = PBXSourcesBuildPhase;
			buildActionMask = 2147483647;
			files = (
				A001 /* SysMonApp.swift in Sources */,
				A004 /* SystemMetrics.swift in Sources */,
				A005 /* WsState.swift in Sources */,
				A006 /* SysMonWebSocket.swift in Sources */,
				A008 /* UrlRepository.swift in Sources */,
				A009 /* MonitorViewModel.swift in Sources */,
				A010 /* SysMonColors.swift in Sources */,
				A011 /* GaugeChart.swift in Sources */,
				A012 /* DualLineChart.swift in Sources */,
				A013 /* CoreBarChart.swift in Sources */,
				A014 /* GlassCard.swift in Sources */,
				A015 /* ConnectView.swift in Sources */,
				A016 /* ChartView.swift in Sources */,
			);
			runOnlyForDeploymentPostprocessing = 0;
		};
/* End PBXSourcesBuildPhase section */

/* Begin XCBuildConfiguration section */
		BCDEBUGPROJ /* Debug */ = {
			isa = XCBuildConfiguration;
			buildSettings = {
				ALWAYS_SEARCH_USER_PATHS = NO;
				CLANG_ANALYZER_NONNULL = YES;
				CLANG_ANALYZER_NUMBER_OBJECT_CONVERSION = YES_AGGRESSIVE;
				CLANG_CXX_LANGUAGE_STANDARD = "gnu++20";
				CLANG_ENABLE_MODULES = YES;
				CLANG_ENABLE_OBJC_ARC = YES;
				CLANG_ENABLE_OBJC_WEAK = YES;
				CLANG_WARN_BLOCK_CAPTURE_AUTORELEASING = YES;
				CLANG_WARN_BOOL_CONVERSION = YES;
				CLANG_WARN_COMMA = YES;
				CLANG_WARN_CONSTANT_CONVERSION = YES;
				CLANG_WARN_DEPRECATED_OBJC_IMPLEMENTATIONS = YES;
				CLANG_WARN_DIRECT_OBJC_ISA_USAGE = YES_ERROR;
				CLANG_WARN_DOCUMENTATION_COMMENTS = YES;
				CLANG_WARN_EMPTY_BODY = YES;
				CLANG_WARN_ENUM_CONVERSION = YES;
				CLANG_WARN_INFINITE_RECURSION = YES;
				CLANG_WARN_INT_CONVERSION = YES;
				CLANG_WARN_NON_LITERAL_NULL_CONVERSION = YES;
				CLANG_WARN_OBJC_IMPLICIT_RETAIN_CYCLE = YES;
				CLANG_WARN_OBJC_LITERAL_CONVERSION = YES;
				CLANG_WARN_OBJC_ROOT_CLASS = YES_ERROR;
				CLANG_WARN_QUOTED_INCLUDE_IN_FRAMEWORK_HEADER = YES;
				CLANG_WARN_RANGE_LOOP_ANALYSIS = YES;
				CLANG_WARN_STRICT_PROTOTYPES = YES;
				CLANG_WARN_SUSPICIOUS_MOVE = YES;
				CLANG_WARN_UNGUARDED_AVAILABILITY = YES_AGGRESSIVE;
				CLANG_WARN_UNREACHABLE_CODE = YES;
				CLANG_WARN__DUPLICATE_METHOD_MATCH = YES;
				COPY_PHASE_STRIP = NO;
				DEBUG_INFORMATION_FORMAT = dwarf;
				ENABLE_STRICT_OBJC_MSGSEND = YES;
				ENABLE_TESTABILITY = YES;
				GCC_C_LANGUAGE_STANDARD = gnu11;
				GCC_DYNAMIC_NO_PIC = NO;
				GCC_NO_COMMON_BLOCKS = YES;
				GCC_OPTIMIZATION_LEVEL = 0;
				GCC_PREPROCESSOR_DEFINITIONS = (
					"DEBUG=1",
					"$(inherited)",
				);
				GCC_WARN_64_TO_32_BIT_CONVERSION = YES;
				GCC_WARN_ABOUT_RETURN_TYPE = YES_ERROR;
				GCC_WARN_UNDECLARED_SELECTOR = YES;
				GCC_WARN_UNINITIALIZED_AUTOS = YES_AGGRESSIVE;
				GCC_WARN_UNUSED_FUNCTION = YES;
				GCC_WARN_UNUSED_VARIABLE = YES;
				IPHONEOS_DEPLOYMENT_TARGET = 26.0;
				MTL_ENABLE_DEBUG_INFO = INCLUDE_SOURCE;
				MTL_FAST_MATH = YES;
				ONLY_ACTIVE_ARCH = YES;
				SDKROOT = iphoneos;
				SWIFT_ACTIVE_COMPILATION_CONDITIONS = DEBUG;
				SWIFT_OPTIMIZATION_LEVEL = "-Onone";
			};
			name = Debug;
		};
		BCDEBUGTARGET /* Debug */ = {
			isa = XCBuildConfiguration;
			buildSettings = {
				ASSETCATALOG_COMPILER_APPICON_NAME = AppIcon;
				ASSETCATALOG_COMPILER_GLOBAL_ACCENT_COLOR_NAME = AccentColor;
				CODE_SIGN_STYLE = Automatic;
				CURRENT_PROJECT_VERSION = 1;
				DEVELOPMENT_TEAM = KA96PJR7W8;
				ENABLE_PREVIEWS = YES;
				GENERATE_INFOPLIST_FILE = NO;
				INFOPLIST_FILE = SysMon/Resources/Info.plist;
				IPHONEOS_DEPLOYMENT_TARGET = 26.0;
				LD_RUNPATH_SEARCH_PATHS = (
					"$(inherited)",
					"@executable_path/Frameworks",
				);
				MARKETING_VERSION = 2.0;
				PRODUCT_BUNDLE_IDENTIFIER = com.sysmon.monitor.ios;
				PRODUCT_NAME = "$(TARGET_NAME)";
				SWIFT_EMIT_LOC_STRINGS = YES;
				SWIFT_VERSION = 6.0;
				TARGETED_DEVICE_FAMILY = "1,2";
			};
			name = Debug;
		};
		BCRELEASEPROJ /* Release */ = {
			isa = XCBuildConfiguration;
			buildSettings = {
				ALWAYS_SEARCH_USER_PATHS = NO;
				CLANG_ANALYZER_NONNULL = YES;
				CLANG_ANALYZER_NUMBER_OBJECT_CONVERSION = YES_AGGRESSIVE;
				CLANG_CXX_LANGUAGE_STANDARD = "gnu++20";
				CLANG_ENABLE_MODULES = YES;
				CLANG_ENABLE_OBJC_ARC = YES;
				CLANG_ENABLE_OBJC_WEAK = YES;
				CLANG_WARN_BLOCK_CAPTURE_AUTORELEASING = YES;
				CLANG_WARN_BOOL_CONVERSION = YES;
				CLANG_WARN_COMMA = YES;
				CLANG_WARN_CONSTANT_CONVERSION = YES;
				CLANG_WARN_DEPRECATED_OBJC_IMPLEMENTATIONS = YES;
				CLANG_WARN_DIRECT_OBJC_ISA_USAGE = YES_ERROR;
				CLANG_WARN_DOCUMENTATION_COMMENTS = YES;
				CLANG_WARN_EMPTY_BODY = YES;
				CLANG_WARN_ENUM_CONVERSION = YES;
				CLANG_WARN_INFINITE_RECURSION = YES;
				CLANG_WARN_INT_CONVERSION = YES;
				CLANG_WARN_NON_LITERAL_NULL_CONVERSION = YES;
				CLANG_WARN_OBJC_IMPLICIT_RETAIN_CYCLE = YES;
				CLANG_WARN_OBJC_LITERAL_CONVERSION = YES;
				CLANG_WARN_OBJC_ROOT_CLASS = YES_ERROR;
				CLANG_WARN_QUOTED_INCLUDE_IN_FRAMEWORK_HEADER = YES;
				CLANG_WARN_RANGE_LOOP_ANALYSIS = YES;
				CLANG_WARN_STRICT_PROTOTYPES = YES;
				CLANG_WARN_SUSPICIOUS_MOVE = YES;
				CLANG_WARN_UNGUARDED_AVAILABILITY = YES_AGGRESSIVE;
				CLANG_WARN_UNREACHABLE_CODE = YES;
				CLANG_WARN__DUPLICATE_METHOD_MATCH = YES;
				COPY_PHASE_STRIP = NO;
				DEBUG_INFORMATION_FORMAT = "dwarf-with-dsym";
				ENABLE_NS_ASSERTIONS = NO;
				ENABLE_STRICT_OBJC_MSGSEND = YES;
				GCC_C_LANGUAGE_STANDARD = gnu11;
				GCC_NO_COMMON_BLOCKS = YES;
				GCC_WARN_64_TO_32_BIT_CONVERSION = YES;
				GCC_WARN_ABOUT_RETURN_TYPE = YES_ERROR;
				GCC_WARN_UNDECLARED_SELECTOR = YES;
				GCC_WARN_UNINITIALIZED_AUTOS = YES_AGGRESSIVE;
				GCC_WARN_UNUSED_FUNCTION = YES;
				GCC_WARN_UNUSED_VARIABLE = YES;
				IPHONEOS_DEPLOYMENT_TARGET = 26.0;
				MTL_ENABLE_DEBUG_INFO = NO;
				MTL_FAST_MATH = YES;
				SDKROOT = iphoneos;
				SWIFT_COMPILATION_MODE = wholemodule;
				SWIFT_OPTIMIZATION_LEVEL = "-O";
				VALIDATE_PRODUCT = YES;
			};
			name = Release;
		};
		BCRELEASETARGET /* Release */ = {
			isa = XCBuildConfiguration;
			buildSettings = {
				ASSETCATALOG_COMPILER_APPICON_NAME = AppIcon;
				ASSETCATALOG_COMPILER_GLOBAL_ACCENT_COLOR_NAME = AccentColor;
				CODE_SIGN_STYLE = Automatic;
				CURRENT_PROJECT_VERSION = 1;
				DEVELOPMENT_TEAM = KA96PJR7W8;
				ENABLE_PREVIEWS = YES;
				GENERATE_INFOPLIST_FILE = NO;
				INFOPLIST_FILE = SysMon/Resources/Info.plist;
				IPHONEOS_DEPLOYMENT_TARGET = 26.0;
				LD_RUNPATH_SEARCH_PATHS = (
					"$(inherited)",
					"@executable_path/Frameworks",
				);
				MARKETING_VERSION = 2.0;
				PRODUCT_BUNDLE_IDENTIFIER = com.sysmon.monitor.ios;
				PRODUCT_NAME = "$(TARGET_NAME)";
				SWIFT_EMIT_LOC_STRINGS = YES;
				SWIFT_VERSION = 6.0;
				TARGETED_DEVICE_FAMILY = "1,2";
			};
			name = Release;
		};
/* End XCBuildConfiguration section */

/* Begin XCConfigurationList section */
		BCLPROJECT /* Build configuration list for PBXProject "SysMon" */ = {
			isa = XCConfigurationList;
			buildConfigurations = (
				BCDEBUGPROJ /* Debug */,
				BCRELEASEPROJ /* Release */,
			);
			defaultConfigurationIsVisible = 0;
			defaultConfigurationName = Release;
		};
		BCLTARGET /* Build configuration list for PBXNativeTarget "SysMon" */ = {
			isa = XCConfigurationList;
			buildConfigurations = (
				BCDEBUGTARGET /* Debug */,
				BCRELEASETARGET /* Release */,
			);
			defaultConfigurationIsVisible = 0;
			defaultConfigurationName = Release;
		};
/* End XCConfigurationList section */
	};
	rootObject = PROJECT /* Project object */;
}
